PODS:
  - AFNetworking (4.0.1):
    - AFNetworking/NSURLSession (= 4.0.1)
    - AFNetworking/Reachability (= 4.0.1)
    - AFNetworking/Security (= 4.0.1)
    - AFNetworking/Serialization (= 4.0.1)
    - AFNetworking/UIKit (= 4.0.1)
  - AFNetworking/NSURLSession (4.0.1):
    - AFNetworking/Reachability
    - AFNetworking/Security
    - AFNetworking/Serialization
  - AFNetworking/Reachability (4.0.1)
  - AFNetworking/Security (4.0.1)
  - AFNetworking/Serialization (4.0.1)
  - AFNetworking/UIKit (4.0.1):
    - AFNetworking/NSURLSession
  - cupertino_http (0.0.1):
    - Flutter
  - Flutter (1.0.0)
  - FlutterPluginRegistrant (0.0.1):
    - Flutter

DEPENDENCIES:
  - AFNetworking (~> 4.0)
  - cupertino_http (from `base_flutter/.ios/.symlinks/plugins/cupertino_http/ios`)
  - Flutter (from `base_flutter/.ios/Flutter`)
  - FlutterPluginRegistrant (from `base_flutter/.ios/Flutter/FlutterPluginRegistrant`)

SPEC REPOS:
  trunk:
    - AFNetworking

EXTERNAL SOURCES:
  cupertino_http:
    :path: base_flutter/.ios/.symlinks/plugins/cupertino_http/ios
  Flutter:
    :path: base_flutter/.ios/Flutter
  FlutterPluginRegistrant:
    :path: base_flutter/.ios/Flutter/FlutterPluginRegistrant

SPEC CHECKSUMS:
  AFNetworking: 7864c38297c79aaca1500c33288e429c3451fdce
  cupertino_http: 5f8b1161107fe6c8d94a0c618735a033d93fa7db
  Flutter: f04841e97a9d0b0a8025694d0796dd46242b2854
  FlutterPluginRegistrant: 58acfb6cb31ee4ca14f920aba101815efda113ee

PODFILE CHECKSUM: 3b68c143ddefb61fd644a0ba1801cc3d0249f781

COCOAPODS: 1.12.1
